// !$*UTF8*$!
{
	archiveVersion = 1;
	classes = {
	};
	objectVersion = 46;
	objects = {

/* Begin PBXBuildFile section */
		3C0542C41AB57628001A396B /* main.m in Sources */ = {isa = PBXBuildFile; fileRef = 3C0542C31AB57628001A396B /* main.m */; };
		3C0542C71AB57628001A396B /* AppDelegate.m in Sources */ = {isa = PBXBuildFile; fileRef = 3C0542C61AB57628001A396B /* AppDelegate.m */; };
		3C0542CA1AB57628001A396B /* ViewController.m in Sources */ = {isa = PBXBuildFile; fileRef = 3C0542C91AB57628001A396B /* ViewController.m */; };
		3C0542CD1AB57628001A396B /* Main.storyboard in Resources */ = {isa = PBXBuildFile; fileRef = 3C0542CB1AB57628001A396B /* Main.storyboard */; };
		3C0542CF1AB57628001A396B /* Images.xcassets in Resources */ = {isa = PBXBuildFile; fileRef = 3C0542CE1AB57628001A396B /* Images.xcassets */; };
		3C0542D21AB57628001A396B /* LaunchScreen.xib in Resources */ = {isa = PBXBuildFile; fileRef = 3C0542D01AB57628001A396B /* LaunchScreen.xib */; };
		3C0542DE1AB57628001A396B /* CalculatorTests.m in Sources */ = {isa = PBXBuildFile; fileRef = 3C0542DD1AB57628001A396B /* CalculatorTests.m */; };
		3C0542F61AB5B8CE001A396B /* CalculatorBrain.m in Sources */ = {isa = PBXBuildFile; fileRef = 3C0542F51AB5B8CE001A396B /* CalculatorBrain.m */; };
		3CFB58DE1AB961250071FBAB /* StaticCellsContoller.m in Sources */ = {isa = PBXBuildFile; fileRef = 3CFB58DD1AB961250071FBAB /* StaticCellsContoller.m */; };
/* End PBXBuildFile section */

/* Begin PBXContainerItemProxy section */
		3C0542D81AB57628001A396B /* PBXContainerItemProxy */ = {
			isa = PBXContainerItemProxy;
			containerPortal = 3C0542B61AB57628001A396B /* Project object */;
			proxyType = 1;
			remoteGlobalIDString = 3C0542BD1AB57628001A396B;
			remoteInfo = Calculator;
		};
/* End PBXContainerItemProxy section */

/* Begin PBXFileReference section */
		3C0542BE1AB57628001A396B /* Calculator.app */ = {isa = PBXFileReference; explicitFileType = wrapper.application; includeInIndex = 0; path = Calculator.app; sourceTree = BUILT_PRODUCTS_DIR; };
		3C0542C21AB57628001A396B /* Info.plist */ = {isa = PBXFileReference; lastKnownFileType = text.plist.xml; path = Info.plist; sourceTree = "<group>"; };
		3C0542C31AB57628001A396B /* main.m */ = {isa = PBXFileReference; lastKnownFileType = sourcecode.c.objc; path = main.m; sourceTree = "<group>"; };
		3C0542C51AB57628001A396B /* AppDelegate.h */ = {isa = PBXFileReference; lastKnownFileType = sourcecode.c.h; path = AppDelegate.h; sourceTree = "<group>"; };
		3C0542C61AB57628001A396B /* AppDelegate.m */ = {isa = PBXFileReference; lastKnownFileType = sourcecode.c.objc; path = AppDelegate.m; sourceTree = "<group>"; };
		3C0542C81AB57628001A396B /* ViewController.h */ = {isa = PBXFileReference; lastKnownFileType = sourcecode.c.h; path = ViewController.h; sourceTree = "<group>"; };
		3C0542C91AB57628001A396B /* ViewController.m */ = {isa = PBXFileReference; lastKnownFileType = sourcecode.c.objc; path = ViewController.m; sourceTree = "<group>"; };
		3C0542CC1AB57628001A396B /* Base */ = {isa = PBXFileReference; lastKnownFileType = file.storyboard; name = Base; path = Base.lproj/Main.storyboard; sourceTree = "<group>"; };
		3C0542CE1AB57628001A396B /* Images.xcassets */ = {isa = PBXFileReference; lastKnownFileType = folder.assetcatalog; path = Images.xcassets; sourceTree = "<group>"; };
		3C0542D11AB57628001A396B /* Base */ = {isa = PBXFileReference; lastKnownFileType = file.xib; name = Base; path = Base.lproj/LaunchScreen.xib; sourceTree = "<group>"; };
		3C0542D71AB57628001A396B /* CalculatorTests.xctest */ = {isa = PBXFileReference; explicitFileType = wrapper.cfbundle; includeInIndex = 0; path = CalculatorTests.xctest; sourceTree = BUILT_PRODUCTS_DIR; };
		3C0542DC1AB57628001A396B /* Info.plist */ = {isa = PBXFileReference; lastKnownFileType = text.plist.xml; path = Info.plist; sourceTree = "<group>"; };
		3C0542DD1AB57628001A396B /* CalculatorTests.m */ = {isa = PBXFileReference; lastKnownFileType = sourcecode.c.objc; path = CalculatorTests.m; sourceTree = "<group>"; };
		3C0542F41AB5B8CE001A396B /* CalculatorBrain.h */ = {isa = PBXFileReference; fileEncoding = 4; lastKnownFileType = sourcecode.c.h; path = CalculatorBrain.h; sourceTree = "<group>"; };
		3C0542F51AB5B8CE001A396B /* CalculatorBrain.m */ = {isa = PBXFileReference; fileEncoding = 4; lastKnownFileType = sourcecode.c.objc; path = CalculatorBrain.m; sourceTree = "<group>"; };
		3CFB58DC1AB961250071FBAB /* StaticCellsContoller.h */ = {isa = PBXFileReference; fileEncoding = 4; lastKnownFileType = sourcecode.c.h; path = StaticCellsContoller.h; sourceTree = "<group>"; };
		3CFB58DD1AB961250071FBAB /* StaticCellsContoller.m */ = {isa = PBXFileReference; fileEncoding = 4; lastKnownFileType = sourcecode.c.objc; path = StaticCellsContoller.m; sourceTree = "<group>"; };
/* End PBXFileReference section */

/* Begin PBXFrameworksBuildPhase section */
		3C0542BB1AB57628001A396B /* Frameworks */ = {
			isa = PBXFrameworksBuildPhase;
			buildActionMask = 2147483647;
			files = (
			);
			runOnlyForDeploymentPostprocessing = 0;
		};
		3C0542D41AB57628001A396B /* Frameworks */ = {
			isa = PBXFrameworksBuildPhase;
			buildActionMask = 2147483647;
			files = (
			);
			runOnlyForDeploymentPostprocessing = 0;
		};
/* End PBXFrameworksBuildPhase section */

/* Begin PBXGroup section */
		3C0542B51AB57628001A396B = {
			isa = PBXGroup;
			children = (
				3C0542C01AB57628001A396B /* Calculator */,
				3C0542DA1AB57628001A396B /* CalculatorTests */,
				3C0542BF1AB57628001A396B /* Products */,
			);
			sourceTree = "<group>";
		};
		3C0542BF1AB57628001A396B /* Products */ = {
			isa = PBXGroup;
			children = (
				3C0542BE1AB57628001A396B /* Calculator.app */,
				3C0542D71AB57628001A396B /* CalculatorTests.xctest */,
			);
			name = Products;
			sourceTree = "<group>";
		};
		3C0542C01AB57628001A396B /* Calculator */ = {
			isa = PBXGroup;
			children = (
				3CFB58E01AB961480071FBAB /* Model */,
				3CFB58DF1AB961340071FBAB /* ViewController */,
				3C0542CB1AB57628001A396B /* Main.storyboard */,
				3C0542C11AB57628001A396B /* Supporting Files */,
			);
			path = Calculator;
			sourceTree = "<group>";
		};
		3C0542C11AB57628001A396B /* Supporting Files */ = {
			isa = PBXGroup;
			children = (
				3C0542CE1AB57628001A396B /* Images.xcassets */,
				3C0542D01AB57628001A396B /* LaunchScreen.xib */,
				3C0542C51AB57628001A396B /* AppDelegate.h */,
				3C0542C61AB57628001A396B /* AppDelegate.m */,
				3C0542C21AB57628001A396B /* Info.plist */,
				3C0542C31AB57628001A396B /* main.m */,
			);
			name = "Supporting Files";
			sourceTree = "<group>";
		};
		3C0542DA1AB57628001A396B /* CalculatorTests */ = {
			isa = PBXGroup;
			children = (
				3C0542DD1AB57628001A396B /* CalculatorTests.m */,
				3C0542DB1AB57628001A396B /* Supporting Files */,
			);
			path = CalculatorTests;
			sourceTree = "<group>";
		};
		3C0542DB1AB57628001A396B /* Supporting Files */ = {
			isa = PBXGroup;
			children = (
				3C0542DC1AB57628001A396B /* Info.plist */,
			);
			name = "Supporting Files";
			sourceTree = "<group>";
		};
		3CFB58DF1AB961340071FBAB /* ViewController */ = {
			isa = PBXGroup;
			children = (
				3C0542C81AB57628001A396B /* ViewController.h */,
				3C0542C91AB57628001A396B /* ViewController.m */,
				3CFB58DC1AB961250071FBAB /* StaticCellsContoller.h */,
				3CFB58DD1AB961250071FBAB /* StaticCellsContoller.m */,
			);
			name = ViewController;
			sourceTree = "<group>";
		};
		3CFB58E01AB961480071FBAB /* Model */ = {
			isa = PBXGroup;
			children = (
				3C0542F41AB5B8CE001A396B /* CalculatorBrain.h */,
				3C0542F51AB5B8CE001A396B /* CalculatorBrain.m */,
			);
			name = Model;
			sourceTree = "<group>";
		};
/* End PBXGroup section */

/* Begin PBXNativeTarget section */
		3C0542BD1AB57628001A396B /* Calculator */ = {
			isa = PBXNativeTarget;
			buildConfigurationList = 3C0542E11AB57628001A396B /* Build configuration list for PBXNativeTarget "Calculator" */;
			buildPhases = (
				3C0542BA1AB57628001A396B /* Sources */,
				3C0542BB1AB57628001A396B /* Frameworks */,
				3C0542BC1AB57628001A396B /* Resources */,
			);
			buildRules = (
			);
			dependencies = (
			);
			name = Calculator;
			productName = Calculator;
			productReference = 3C0542BE1AB57628001A396B /* Calculator.app */;
			productType = "com.apple.product-type.application";
		};
		3C0542D61AB57628001A396B /* CalculatorTests */ = {
			isa = PBXNativeTarget;
			buildConfigurationList = 3C0542E41AB57628001A396B /* Build configuration list for PBXNativeTarget "CalculatorTests" */;
			buildPhases = (
				3C0542D31AB57628001A396B /* Sources */,
				3C0542D41AB57628001A396B /* Frameworks */,
				3C0542D51AB57628001A396B /* Resources */,
			);
			buildRules = (
			);
			dependencies = (
				3C0542D91AB57628001A396B /* PBXTargetDependency */,
			);
			name = CalculatorTests;
			productName = CalculatorTests;
			productReference = 3C0542D71AB57628001A396B /* CalculatorTests.xctest */;
			productType = "com.apple.product-type.bundle.unit-test";
		};
/* End PBXNativeTarget section */

/* Begin PBXProject section */
		3C0542B61AB57628001A396B /* Project object */ = {
			isa = PBXProject;
			attributes = {
				LastUpgradeCheck = 0610;
				ORGANIZATIONNAME = WilliamChang;
				TargetAttributes = {
					3C0542BD1AB57628001A396B = {
						CreatedOnToolsVersion = 6.1.1;
					};
					3C0542D61AB57628001A396B = {
						CreatedOnToolsVersion = 6.1.1;
						TestTargetID = 3C0542BD1AB57628001A396B;
					};
				};
			};
			buildConfigurationList = 3C0542B91AB57628001A396B /* Build configuration list for PBXProject "Calculator" */;
			compatibilityVersion = "Xcode 3.2";
			developmentRegion = English;
			hasScannedForEncodings = 0;
			knownRegions = (
				en,
				Base,
			);
			mainGroup = 3C0542B51AB57628001A396B;
			productRefGroup = 3C0542BF1AB57628001A396B /* Products */;
			projectDirPath = "";
			projectRoot = "";
			targets = (
				3C0542BD1AB57628001A396B /* Calculator */,
				3C0542D61AB57628001A396B /* CalculatorTests */,
			);
		};
/* End PBXProject section */

/* Begin PBXResourcesBuildPhase section */
		3C0542BC1AB57628001A396B /* Resources */ = {
			isa = PBXResourcesBuildPhase;
			buildActionMask = 2147483647;
			files = (
				3C0542CD1AB57628001A396B /* Main.storyboard in Resources */,
				3C0542D21AB57628001A396B /* LaunchScreen.xib in Resources */,
				3C0542CF1AB57628001A396B /* Images.xcassets in Resources */,
			);
			runOnlyForDeploymentPostprocessing = 0;
		};
		3C0542D51AB57628001A396B /* Resources */ = {
			isa = PBXResourcesBuildPhase;
			buildActionMask = 2147483647;
			files = (
			);
			runOnlyForDeploymentPostprocessing = 0;
		};
/* End PBXResourcesBuildPhase section */

/* Begin PBXSourcesBuildPhase section */
		3C0542BA1AB57628001A396B /* Sources */ = {
			isa = PBXSourcesBuildPhase;
			buildActionMask = 2147483647;
			files = (
				3CFB58DE1AB961250071FBAB /* StaticCellsContoller.m in Sources */,
				3C0542CA1AB57628001A396B /* ViewController.m in Sources */,
				3C0542C71AB57628001A396B /* AppDelegate.m in Sources */,
				3C0542F61AB5B8CE001A396B /* CalculatorBrain.m in Sources */,
				3C0542C41AB57628001A396B /* main.m in Sources */,
			);
			runOnlyForDeploymentPostprocessing = 0;
		};
		3C0542D31AB57628001A396B /* Sources */ = {
			isa = PBXSourcesBuildPhase;
			buildActionMask = 2147483647;
			files = (
				3C0542DE1AB57628001A396B /* CalculatorTests.m in Sources */,
			);
			runOnlyForDeploymentPostprocessing = 0;
		};
/* End PBXSourcesBuildPhase section */

/* Begin PBXTargetDependency section */
		3C0542D91AB57628001A396B /* PBXTargetDependency */ = {
			isa = PBXTargetDependency;
			target = 3C0542BD1AB57628001A396B /* Calculator */;
			targetProxy = 3C0542D81AB57628001A396B /* PBXContainerItemProxy */;
		};
/* End PBXTargetDependency section */

/* Begin PBXVariantGroup section */
		3C0542CB1AB57628001A396B /* Main.storyboard */ = {
			isa = PBXVariantGroup;
			children = (
				3C0542CC1AB57628001A396B /* Base */,
			);
			name = Main.storyboard;
			sourceTree = "<group>";
		};
		3C0542D01AB57628001A396B /* LaunchScreen.xib */ = {
			isa = PBXVariantGroup;
			children = (
				3C0542D11AB57628001A396B /* Base */,
			);
			name = LaunchScreen.xib;
			sourceTree = "<group>";
		};
/* End PBXVariantGroup section */

/* Begin XCBuildConfiguration section */
		3C0542DF1AB57628001A396B /* Debug */ = {
			isa = XCBuildConfiguration;
			buildSettings = {
				ALWAYS_SEARCH_USER_PATHS = NO;
				CLANG_CXX_LANGUAGE_STANDARD = "gnu++0x";
				CLANG_CXX_LIBRARY = "libc++";
				CLANG_ENABLE_MODULES = YES;
				CLANG_ENABLE_OBJC_ARC = YES;
				CLANG_WARN_BOOL_CONVERSION = YES;
				CLANG_WARN_CONSTANT_CONVERSION = YES;
				CLANG_WARN_DIRECT_OBJC_ISA_USAGE = YES_ERROR;
				CLANG_WARN_EMPTY_BODY = YES;
				CLANG_WARN_ENUM_CONVERSION = YES;
				CLANG_WARN_INT_CONVERSION = YES;
				CLANG_WARN_OBJC_ROOT_CLASS = YES_ERROR;
				CLANG_WARN_UNREACHABLE_CODE = YES;
				CLANG_WARN__DUPLICATE_METHOD_MATCH = YES;
				"CODE_SIGN_IDENTITY[sdk=iphoneos*]" = "iPhone Developer";
				COPY_PHASE_STRIP = NO;
				ENABLE_STRICT_OBJC_MSGSEND = YES;
				GCC_C_LANGUAGE_STANDARD = gnu99;
				GCC_DYNAMIC_NO_PIC = NO;
				GCC_OPTIMIZATION_LEVEL = 0;
				GCC_PREPROCESSOR_DEFINITIONS = (
					"DEBUG=1",
					"$(inherited)",
				);
				GCC_SYMBOLS_PRIVATE_EXTERN = NO;
				GCC_WARN_64_TO_32_BIT_CONVERSION = YES;
				GCC_WARN_ABOUT_RETURN_TYPE = YES_ERROR;
				GCC_WARN_UNDECLARED_SELECTOR = YES;
				GCC_WARN_UNINITIALIZED_AUTOS = YES_AGGRESSIVE;
				GCC_WARN_UNUSED_FUNCTION = YES;
				GCC_WARN_UNUSED_VARIABLE = YES;
				IPHONEOS_DEPLOYMENT_TARGET = 8.1;
				MTL_ENABLE_DEBUG_INFO = YES;
				ONLY_ACTIVE_ARCH = YES;
				SDKROOT = iphoneos;
			};
			name = Debug;
		};
		3C0542E01AB57628001A396B /* Release */ = {
			isa = XCBuildConfiguration;
			buildSettings = {
				ALWAYS_SEARCH_USER_PATHS = NO;
				CLANG_CXX_LANGUAGE_STANDARD = "gnu++0x";
				CLANG_CXX_LIBRARY = "libc++";
				CLANG_ENABLE_MODULES = YES;
				CLANG_ENABLE_OBJC_ARC = YES;
				CLANG_WARN_BOOL_CONVERSION = YES;
				CLANG_WARN_CONSTANT_CONVERSION = YES;
				CLANG_WARN_DIRECT_OBJC_ISA_USAGE = YES_ERROR;
				CLANG_WARN_EMPTY_BODY = YES;
				CLANG_WARN_ENUM_CONVERSION = YES;
				CLANG_WARN_INT_CONVERSION = YES;
				CLANG_WARN_OBJC_ROOT_CLASS = YES_ERROR;
				CLANG_WARN_UNREACHABLE_CODE = YES;
				CLANG_WARN__DUPLICATE_METHOD_MATCH = YES;
				"CODE_SIGN_IDENTITY[sdk=iphoneos*]" = "iPhone Developer";
				COPY_PHASE_STRIP = YES;
				ENABLE_NS_ASSERTIONS = NO;
				ENABLE_STRICT_OBJC_MSGSEND = YES;
				GCC_C_LANGUAGE_STANDARD = gnu99;
				GCC_WARN_64_TO_32_BIT_CONVERSION = YES;
				GCC_WARN_ABOUT_RETURN_TYPE = YES_ERROR;
				GCC_WARN_UNDECLARED_SELECTOR = YES;
				GCC_WARN_UNINITIALIZED_AUTOS = YES_AGGRESSIVE;
				GCC_WARN_UNUSED_FUNCTION = YES;
				GCC_WARN_UNUSED_VARIABLE = YES;
				IPHONEOS_DEPLOYMENT_TARGET = 8.1;
				MTL_ENABLE_DEBUG_INFO = NO;
				SDKROOT = iphoneos;
				VALIDATE_PRODUCT = YES;
			};
			name = Release;
		};
		3C0542E21AB57628001A396B /* Debug */ = {
			isa = XCBuildConfiguration;
			buildSettings = {
				ASSETCATALOG_COMPILER_APPICON_NAME = AppIcon;
				INFOPLIST_FILE = Calculator/Info.plist;
				LD_RUNPATH_SEARCH_PATHS = "$(inherited) @executable_path/Frameworks";
				PRODUCT_NAME = "$(TARGET_NAME)";
			};
			name = Debug;
		};
		3C0542E31AB57628001A396B /* Release */ = {
			isa = XCBuildConfiguration;
			buildSettings = {
				ASSETCATALOG_COMPILER_APPICON_NAME = AppIcon;
				INFOPLIST_FILE = Calculator/Info.plist;
				LD_RUNPATH_SEARCH_PATHS = "$(inherited) @executable_path/Frameworks";
				PRODUCT_NAME = "$(TARGET_NAME)";
			};
			name = Release;
		};
		3C0542E51AB57628001A396B /* Debug */ = {
			isa = XCBuildConfiguration;
			buildSettings = {
				BUNDLE_LOADER = "$(TEST_HOST)";
				FRAMEWORK_SEARCH_PATHS = (
					"$(SDKROOT)/Developer/Library/Frameworks",
					"$(inherited)",
				);
				GCC_PREPROCESSOR_DEFINITIONS = (
					"DEBUG=1",
					"$(inherited)",
				);
				INFOPLIST_FILE = CalculatorTests/Info.plist;
				LD_RUNPATH_SEARCH_PATHS = "$(inherited) @executable_path/Frameworks @loader_path/Frameworks";
				PRODUCT_NAME = "$(TARGET_NAME)";
				TEST_HOST = "$(BUILT_PRODUCTS_DIR)/Calculator.app/Calculator";
			};
			name = Debug;
		};
		3C0542E61AB57628001A396B /* Release */ = {
			isa = XCBuildConfiguration;
			buildSettings = {
				BUNDLE_LOADER = "$(TEST_HOST)";
				FRAMEWORK_SEARCH_PATHS = (
					"$(SDKROOT)/Developer/Library/Frameworks",
					"$(inherited)",
				);
				INFOPLIST_FILE = CalculatorTests/Info.plist;
				LD_RUNPATH_SEARCH_PATHS = "$(inherited) @executable_path/Frameworks @loader_path/Frameworks";
				PRODUCT_NAME = "$(TARGET_NAME)";
				TEST_HOST = "$(BUILT_PRODUCTS_DIR)/Calculator.app/Calculator";
			};
			name = Release;
		};
/* End XCBuildConfiguration section */

/* Begin XCConfigurationList section */
		3C0542B91AB57628001A396B /* Build configuration list for PBXProject "Calculator" */ = {
			isa = XCConfigurationList;
			buildConfigurations = (
				3C0542DF1AB57628001A396B /* Debug */,
				3C0542E01AB57628001A396B /* Release */,
			);
			defaultConfigurationIsVisible = 0;
			defaultConfigurationName = Release;
		};
		3C0542E11AB57628001A396B /* Build configuration list for PBXNativeTarget "Calculator" */ = {
			isa = XCConfigurationList;
			buildConfigurations = (
				3C0542E21AB57628001A396B /* Debug */,
				3C0542E31AB57628001A396B /* Release */,
			);
			defaultConfigurationIsVisible = 0;
			defaultConfigurationName = Release;
		};
		3C0542E41AB57628001A396B /* Build configuration list for PBXNativeTarget "CalculatorTests" */ = {
			isa = XCConfigurationList;
			buildConfigurations = (
				3C0542E51AB57628001A396B /* Debug */,
				3C0542E61AB57628001A396B /* Release */,
			);
			defaultConfigurationIsVisible = 0;
			defaultConfigurationName = Release;
		};
/* End XCConfigurationList section */
	};
	rootObject = 3C0542B61AB57628001A396B /* Project object */;
}
